{
  "name": "js-fundamentals-overview",
  "version": "0.0.0",
  "lockfileVersion": 2,
  "requires": true,
  "packages": {
    "": {
      "name": "js-fundamentals-overview",
      "version": "0.0.0",
      "license": "UNLICENSED",
      "devDependencies": {},
      "engines": {
        "node": ""
      }
    }
  }
}
